// !$*UTF8*$!
{
	archiveVersion = 1;
	classes = {
	};
	objectVersion = 46;
	objects = {

/* Begin PBXBuildFile section */
		2D0554291B84EAA500C4EF45 /* AppDelegate.swift in Sources */ = {isa = PBXBuildFile; fileRef = 2D0554281B84EAA500C4EF45 /* AppDelegate.swift */; };
		2D05542B1B84EAA500C4EF45 /* ViewController.swift in Sources */ = {isa = PBXBuildFile; fileRef = 2D05542A1B84EAA500C4EF45 /* ViewController.swift */; };
		2D05542E1B84EAA500C4EF45 /* Main.storyboard in Resources */ = {isa = PBXBuildFile; fileRef = 2D05542C1B84EAA500C4EF45 /* Main.storyboard */; };
		2D0554301B84EAA500C4EF45 /* Images.xcassets in Resources */ = {isa = PBXBuildFile; fileRef = 2D05542F1B84EAA500C4EF45 /* Images.xcassets */; };
		2D0554331B84EAA500C4EF45 /* LaunchScreen.xib in Resources */ = {isa = PBXBuildFile; fileRef = 2D0554311B84EAA500C4EF45 /* LaunchScreen.xib */; };
		2D05543F1B84EAA500C4EF45 /* RealTimeTests.swift in Sources */ = {isa = PBXBuildFile; fileRef = 2D05543E1B84EAA500C4EF45 /* RealTimeTests.swift */; };
		2D05545A1B84EAEA00C4EF45 /* AudioToolbox.framework in Frameworks */ = {isa = PBXBuildFile; fileRef = 2D0554491B84EAEA00C4EF45 /* AudioToolbox.framework */; };
		2D05545B1B84EAEA00C4EF45 /* CFNetwork.framework in Frameworks */ = {isa = PBXBuildFile; fileRef = 2D05544A1B84EAEA00C4EF45 /* CFNetwork.framework */; };
		2D05545C1B84EAEA00C4EF45 /* CoreGraphics.framework in Frameworks */ = {isa = PBXBuildFile; fileRef = 2D05544B1B84EAEA00C4EF45 /* CoreGraphics.framework */; };
		2D05545D1B84EAEA00C4EF45 /* CoreLocation.framework in Frameworks */ = {isa = PBXBuildFile; fileRef = 2D05544C1B84EAEA00C4EF45 /* CoreLocation.framework */; };
		2D05545E1B84EAEA00C4EF45 /* libsqlite3.dylib in Frameworks */ = {isa = PBXBuildFile; fileRef = 2D05544D1B84EAEA00C4EF45 /* libsqlite3.dylib */; };
		2D05545F1B84EAEA00C4EF45 /* libz.dylib in Frameworks */ = {isa = PBXBuildFile; fileRef = 2D05544E1B84EAEA00C4EF45 /* libz.dylib */; };
		2D0554601B84EAEA00C4EF45 /* MobileCoreServices.framework in Frameworks */ = {isa = PBXBuildFile; fileRef = 2D05544F1B84EAEA00C4EF45 /* MobileCoreServices.framework */; };
		2D0554611B84EAEA00C4EF45 /* QuartzCore.framework in Frameworks */ = {isa = PBXBuildFile; fileRef = 2D0554501B84EAEA00C4EF45 /* QuartzCore.framework */; };
		2D0554621B84EAEA00C4EF45 /* Security.framework in Frameworks */ = {isa = PBXBuildFile; fileRef = 2D0554511B84EAEA00C4EF45 /* Security.framework */; };
		2D0554631B84EAEA00C4EF45 /* StoreKit.framework in Frameworks */ = {isa = PBXBuildFile; fileRef = 2D0554521B84EAEA00C4EF45 /* StoreKit.framework */; };
		2D0554641B84EAEA00C4EF45 /* SystemConfiguration.framework in Frameworks */ = {isa = PBXBuildFile; fileRef = 2D0554531B84EAEA00C4EF45 /* SystemConfiguration.framework */; };
		2D05546E1B84ECAD00C4EF45 /* EventsTableViewController.swift in Sources */ = {isa = PBXBuildFile; fileRef = 2D05546D1B84ECAD00C4EF45 /* EventsTableViewController.swift */; };
		2D0554701B84F22F00C4EF45 /* Event.swift in Sources */ = {isa = PBXBuildFile; fileRef = 2D05546F1B84F22F00C4EF45 /* Event.swift */; };
		2D0554721B8671BB00C4EF45 /* LoginViewController.swift in Sources */ = {isa = PBXBuildFile; fileRef = 2D0554711B8671BB00C4EF45 /* LoginViewController.swift */; };
		2D0554751B86722600C4EF45 /* SignupViewController.swift in Sources */ = {isa = PBXBuildFile; fileRef = 2D0554741B86722600C4EF45 /* SignupViewController.swift */; };
		2D531F391B8CBE8100CED08F /* FiltersViewController.swift in Sources */ = {isa = PBXBuildFile; fileRef = 2D531F381B8CBE8100CED08F /* FiltersViewController.swift */; };
		2D53723E1B8A3F0C00621F7A /* DetailViewController.swift in Sources */ = {isa = PBXBuildFile; fileRef = 2D53723D1B8A3F0C00621F7A /* DetailViewController.swift */; };
		2D6172BD1B8B9817004574DB /* homepage.png in Resources */ = {isa = PBXBuildFile; fileRef = 2D6172BC1B8B9817004574DB /* homepage.png */; };
		2D6172BF1B8B9AED004574DB /* add.png in Resources */ = {isa = PBXBuildFile; fileRef = 2D6172BE1B8B9AED004574DB /* add.png */; };
		2D6172C31B8B9EB3004574DB /* addsmall.png in Resources */ = {isa = PBXBuildFile; fileRef = 2D6172C21B8B9EB3004574DB /* addsmall.png */; };
		2D6172C51B8B9F3E004574DB /* more.png in Resources */ = {isa = PBXBuildFile; fileRef = 2D6172C41B8B9F3E004574DB /* more.png */; };
		2D6172C81B8B9FA5004574DB /* home.png in Resources */ = {isa = PBXBuildFile; fileRef = 2D6172C61B8B9FA5004574DB /* home.png */; };
		2D6172C91B8B9FA5004574DB /* profile.png in Resources */ = {isa = PBXBuildFile; fileRef = 2D6172C71B8B9FA5004574DB /* profile.png */; };
		2D6172CB1B8BA5F7004574DB /* LogoutViewController.swift in Sources */ = {isa = PBXBuildFile; fileRef = 2D6172CA1B8BA5F7004574DB /* LogoutViewController.swift */; };
		2D6172CF1B8BF16B004574DB /* shoes white.png in Resources */ = {isa = PBXBuildFile; fileRef = 2D6172CD1B8BF16B004574DB /* shoes white.png */; };
		2D6172D11B8BF2D8004574DB /* camera.png in Resources */ = {isa = PBXBuildFile; fileRef = 2D6172D01B8BF2D8004574DB /* camera.png */; };
		2D6ED2DF1B8B5BCB006351F1 /* OratorStd.otf in Resources */ = {isa = PBXBuildFile; fileRef = 2D6ED2DE1B8B5BCB006351F1 /* OratorStd.otf */; };
		2D6ED2E11B8B7FD0006351F1 /* ProfileViewController.swift in Sources */ = {isa = PBXBuildFile; fileRef = 2D6ED2E01B8B7FD0006351F1 /* ProfileViewController.swift */; };
		2D6ED2E31B8B870C006351F1 /* facebook.jpg in Resources */ = {isa = PBXBuildFile; fileRef = 2D6ED2E21B8B870C006351F1 /* facebook.jpg */; };
		2D6ED2E91B8B8B63006351F1 /* fbrt.png in Resources */ = {isa = PBXBuildFile; fileRef = 2D6ED2E81B8B8B63006351F1 /* fbrt.png */; };
		2D79B0111B965BEE004D7363 /* AppIcon.png in Resources */ = {isa = PBXBuildFile; fileRef = 2D79B0101B965BEE004D7363 /* AppIcon.png */; };
		2D79B0131B975673004D7363 /* ParseCrashReporting.framework in Frameworks */ = {isa = PBXBuildFile; fileRef = 2D79B0121B975673004D7363 /* ParseCrashReporting.framework */; };
		2D79B0151B975702004D7363 /* ParseFacebookUtilsV4.framework in Frameworks */ = {isa = PBXBuildFile; fileRef = 2D79B0141B975702004D7363 /* ParseFacebookUtilsV4.framework */; };
		2D79B0171B975971004D7363 /* ParseUI.framework in Frameworks */ = {isa = PBXBuildFile; fileRef = 2D79B0161B975971004D7363 /* ParseUI.framework */; };
		2D79B0191B97597E004D7363 /* Bolts.framework in Frameworks */ = {isa = PBXBuildFile; fileRef = 2D79B0181B97597E004D7363 /* Bolts.framework */; };
		2D79B01B1B975991004D7363 /* Parse.framework in Frameworks */ = {isa = PBXBuildFile; fileRef = 2D79B01A1B975991004D7363 /* Parse.framework */; };
		2D7E4DFC1B8A4DAB00772922 /* AddressBookUI.framework in Frameworks */ = {isa = PBXBuildFile; fileRef = 2D7E4DFB1B8A4DAB00772922 /* AddressBookUI.framework */; };
		2D7E4E021B8A6C6600772922 /* CreateEventViewController.swift in Sources */ = {isa = PBXBuildFile; fileRef = 2D7E4E011B8A6C6600772922 /* CreateEventViewController.swift */; };
		2D7E4E061B8A8CED00772922 /* placeholder.JPG in Resources */ = {isa = PBXBuildFile; fileRef = 2D7E4E051B8A8CED00772922 /* placeholder.JPG */; };
		2D7E4E081B8AAC5500772922 /* UIImageEffects.swift in Sources */ = {isa = PBXBuildFile; fileRef = 2D7E4E071B8AAC5500772922 /* UIImageEffects.swift */; };
		2D8A18561B86853500CB1D4C /* FBSDKCoreKit.framework in Frameworks */ = {isa = PBXBuildFile; fileRef = 2D8A18531B86853500CB1D4C /* FBSDKCoreKit.framework */; };
		2D8A18571B86853500CB1D4C /* FBSDKLoginKit.framework in Frameworks */ = {isa = PBXBuildFile; fileRef = 2D8A18541B86853500CB1D4C /* FBSDKLoginKit.framework */; };
		2D8A18581B86853500CB1D4C /* FBSDKShareKit.framework in Frameworks */ = {isa = PBXBuildFile; fileRef = 2D8A18551B86853500CB1D4C /* FBSDKShareKit.framework */; };
		2D8A185E1B868D5A00CB1D4C /* FacebookSDK.framework in Frameworks */ = {isa = PBXBuildFile; fileRef = 2D8A185D1B868D5A00CB1D4C /* FacebookSDK.framework */; };
		2DDFCC7B1B87D66900EDD459 /* EventsTableViewCell.swift in Sources */ = {isa = PBXBuildFile; fileRef = 2DDFCC7A1B87D66900EDD459 /* EventsTableViewCell.swift */; };
/* End PBXBuildFile section */

/* Begin PBXContainerItemProxy section */
		2D0554391B84EAA500C4EF45 /* PBXContainerItemProxy */ = {
			isa = PBXContainerItemProxy;
			containerPortal = 2D05541B1B84EAA500C4EF45 /* Project object */;
			proxyType = 1;
			remoteGlobalIDString = 2D0554221B84EAA500C4EF45;
			remoteInfo = RealTime;
		};
/* End PBXContainerItemProxy section */

/* Begin PBXFileReference section */
		2D0554231B84EAA500C4EF45 /* RealTime.app */ = {isa = PBXFileReference; explicitFileType = wrapper.application; includeInIndex = 0; path = RealTime.app; sourceTree = BUILT_PRODUCTS_DIR; };
		2D0554271B84EAA500C4EF45 /* Info.plist */ = {isa = PBXFileReference; lastKnownFileType = text.plist.xml; path = Info.plist; sourceTree = "<group>"; };
		2D0554281B84EAA500C4EF45 /* AppDelegate.swift */ = {isa = PBXFileReference; lastKnownFileType = sourcecode.swift; path = AppDelegate.swift; sourceTree = "<group>"; };
		2D05542A1B84EAA500C4EF45 /* ViewController.swift */ = {isa = PBXFileReference; lastKnownFileType = sourcecode.swift; path = ViewController.swift; sourceTree = "<group>"; };
		2D05542D1B84EAA500C4EF45 /* Base */ = {isa = PBXFileReference; lastKnownFileType = file.storyboard; name = Base; path = Base.lproj/Main.storyboard; sourceTree = "<group>"; };
		2D05542F1B84EAA500C4EF45 /* Images.xcassets */ = {isa = PBXFileReference; lastKnownFileType = folder.assetcatalog; path = Images.xcassets; sourceTree = "<group>"; };
		2D0554321B84EAA500C4EF45 /* Base */ = {isa = PBXFileReference; lastKnownFileType = file.xib; name = Base; path = Base.lproj/LaunchScreen.xib; sourceTree = "<group>"; };
		2D0554381B84EAA500C4EF45 /* RealTimeTests.xctest */ = {isa = PBXFileReference; explicitFileType = wrapper.cfbundle; includeInIndex = 0; path = RealTimeTests.xctest; sourceTree = BUILT_PRODUCTS_DIR; };
		2D05543D1B84EAA500C4EF45 /* Info.plist */ = {isa = PBXFileReference; lastKnownFileType = text.plist.xml; path = Info.plist; sourceTree = "<group>"; };
		2D05543E1B84EAA500C4EF45 /* RealTimeTests.swift */ = {isa = PBXFileReference; lastKnownFileType = sourcecode.swift; path = RealTimeTests.swift; sourceTree = "<group>"; };
		2D0554491B84EAEA00C4EF45 /* AudioToolbox.framework */ = {isa = PBXFileReference; lastKnownFileType = wrapper.framework; name = AudioToolbox.framework; path = System/Library/Frameworks/AudioToolbox.framework; sourceTree = SDKROOT; };
		2D05544A1B84EAEA00C4EF45 /* CFNetwork.framework */ = {isa = PBXFileReference; lastKnownFileType = wrapper.framework; name = CFNetwork.framework; path = System/Library/Frameworks/CFNetwork.framework; sourceTree = SDKROOT; };
		2D05544B1B84EAEA00C4EF45 /* CoreGraphics.framework */ = {isa = PBXFileReference; lastKnownFileType = wrapper.framework; name = CoreGraphics.framework; path = System/Library/Frameworks/CoreGraphics.framework; sourceTree = SDKROOT; };
		2D05544C1B84EAEA00C4EF45 /* CoreLocation.framework */ = {isa = PBXFileReference; lastKnownFileType = wrapper.framework; name = CoreLocation.framework; path = System/Library/Frameworks/CoreLocation.framework; sourceTree = SDKROOT; };
		2D05544D1B84EAEA00C4EF45 /* libsqlite3.dylib */ = {isa = PBXFileReference; lastKnownFileType = "compiled.mach-o.dylib"; name = libsqlite3.dylib; path = usr/lib/libsqlite3.dylib; sourceTree = SDKROOT; };
		2D05544E1B84EAEA00C4EF45 /* libz.dylib */ = {isa = PBXFileReference; lastKnownFileType = "compiled.mach-o.dylib"; name = libz.dylib; path = usr/lib/libz.dylib; sourceTree = SDKROOT; };
		2D05544F1B84EAEA00C4EF45 /* MobileCoreServices.framework */ = {isa = PBXFileReference; lastKnownFileType = wrapper.framework; name = MobileCoreServices.framework; path = System/Library/Frameworks/MobileCoreServices.framework; sourceTree = SDKROOT; };
		2D0554501B84EAEA00C4EF45 /* QuartzCore.framework */ = {isa = PBXFileReference; lastKnownFileType = wrapper.framework; name = QuartzCore.framework; path = System/Library/Frameworks/QuartzCore.framework; sourceTree = SDKROOT; };
		2D0554511B84EAEA00C4EF45 /* Security.framework */ = {isa = PBXFileReference; lastKnownFileType = wrapper.framework; name = Security.framework; path = System/Library/Frameworks/Security.framework; sourceTree = SDKROOT; };
		2D0554521B84EAEA00C4EF45 /* StoreKit.framework */ = {isa = PBXFileReference; lastKnownFileType = wrapper.framework; name = StoreKit.framework; path = System/Library/Frameworks/StoreKit.framework; sourceTree = SDKROOT; };
		2D0554531B84EAEA00C4EF45 /* SystemConfiguration.framework */ = {isa = PBXFileReference; lastKnownFileType = wrapper.framework; name = SystemConfiguration.framework; path = System/Library/Frameworks/SystemConfiguration.framework; sourceTree = SDKROOT; };
		2D05546A1B84EB1300C4EF45 /* RealTime-Bridging-Header.h */ = {isa = PBXFileReference; lastKnownFileType = sourcecode.c.h; path = "RealTime-Bridging-Header.h"; sourceTree = "<group>"; };
		2D05546D1B84ECAD00C4EF45 /* EventsTableViewController.swift */ = {isa = PBXFileReference; fileEncoding = 4; lastKnownFileType = sourcecode.swift; path = EventsTableViewController.swift; sourceTree = "<group>"; };
		2D05546F1B84F22F00C4EF45 /* Event.swift */ = {isa = PBXFileReference; fileEncoding = 4; lastKnownFileType = sourcecode.swift; path = Event.swift; sourceTree = "<group>"; };
		2D0554711B8671BB00C4EF45 /* LoginViewController.swift */ = {isa = PBXFileReference; fileEncoding = 4; lastKnownFileType = sourcecode.swift; path = LoginViewController.swift; sourceTree = "<group>"; };
		2D0554741B86722600C4EF45 /* SignupViewController.swift */ = {isa = PBXFileReference; fileEncoding = 4; lastKnownFileType = sourcecode.swift; path = SignupViewController.swift; sourceTree = "<group>"; };
		2D531F381B8CBE8100CED08F /* FiltersViewController.swift */ = {isa = PBXFileReference; fileEncoding = 4; lastKnownFileType = sourcecode.swift; path = FiltersViewController.swift; sourceTree = "<group>"; };
		2D53723A1B8A2E4900621F7A /* Futura.ttc */ = {isa = PBXFileReference; lastKnownFileType = file; name = Futura.ttc; path = ../../RealTimeGallery/RealTimeGallery/Futura.ttc; sourceTree = "<group>"; };
		2D53723B1B8A2E4900621F7A /* RobotoCondensed-Bold.ttf */ = {isa = PBXFileReference; lastKnownFileType = file; name = "RobotoCondensed-Bold.ttf"; path = "../../RealTimeGallery/RealTimeGallery/RobotoCondensed-Bold.ttf"; sourceTree = "<group>"; };
		2D53723C1B8A2E4900621F7A /* RobotoCondensed-Regular.ttf */ = {isa = PBXFileReference; lastKnownFileType = file; name = "RobotoCondensed-Regular.ttf"; path = "../../RealTimeGallery/RealTimeGallery/RobotoCondensed-Regular.ttf"; sourceTree = "<group>"; };
		2D53723D1B8A3F0C00621F7A /* DetailViewController.swift */ = {isa = PBXFileReference; fileEncoding = 4; lastKnownFileType = sourcecode.swift; path = DetailViewController.swift; sourceTree = "<group>"; };
		2D6172BC1B8B9817004574DB /* homepage.png */ = {isa = PBXFileReference; lastKnownFileType = image.png; name = homepage.png; path = ../../../Downloads/homepage.png; sourceTree = "<group>"; };
		2D6172BE1B8B9AED004574DB /* add.png */ = {isa = PBXFileReference; lastKnownFileType = image.png; path = add.png; sourceTree = "<group>"; };
		2D6172C21B8B9EB3004574DB /* addsmall.png */ = {isa = PBXFileReference; lastKnownFileType = image.png; path = addsmall.png; sourceTree = "<group>"; };
		2D6172C41B8B9F3E004574DB /* more.png */ = {isa = PBXFileReference; lastKnownFileType = image.png; path = more.png; sourceTree = "<group>"; };
		2D6172C61B8B9FA5004574DB /* home.png */ = {isa = PBXFileReference; lastKnownFileType = image.png; path = home.png; sourceTree = "<group>"; };
		2D6172C71B8B9FA5004574DB /* profile.png */ = {isa = PBXFileReference; lastKnownFileType = image.png; path = profile.png; sourceTree = "<group>"; };
		2D6172CA1B8BA5F7004574DB /* LogoutViewController.swift */ = {isa = PBXFileReference; fileEncoding = 4; lastKnownFileType = sourcecode.swift; path = LogoutViewController.swift; sourceTree = "<group>"; };
		2D6172CD1B8BF16B004574DB /* shoes white.png */ = {isa = PBXFileReference; lastKnownFileType = image.png; path = "shoes white.png"; sourceTree = "<group>"; };
		2D6172D01B8BF2D8004574DB /* camera.png */ = {isa = PBXFileReference; lastKnownFileType = image.png; path = camera.png; sourceTree = "<group>"; };
		2D6ED2DE1B8B5BCB006351F1 /* OratorStd.otf */ = {isa = PBXFileReference; lastKnownFileType = file; name = OratorStd.otf; path = ../../../Downloads/OratorStd.otf; sourceTree = "<group>"; };
		2D6ED2E01B8B7FD0006351F1 /* ProfileViewController.swift */ = {isa = PBXFileReference; fileEncoding = 4; lastKnownFileType = sourcecode.swift; path = ProfileViewController.swift; sourceTree = "<group>"; };
		2D6ED2E21B8B870C006351F1 /* facebook.jpg */ = {isa = PBXFileReference; fileEncoding = 4; lastKnownFileType = image.jpeg; name = facebook.jpg; path = ../../../Downloads/facebook.jpg; sourceTree = "<group>"; };
		2D6ED2E81B8B8B63006351F1 /* fbrt.png */ = {isa = PBXFileReference; lastKnownFileType = image.png; name = fbrt.png; path = ../../../Downloads/fbrt.png; sourceTree = "<group>"; };
		2D79B0101B965BEE004D7363 /* AppIcon.png */ = {isa = PBXFileReference; lastKnownFileType = image.png; path = AppIcon.png; sourceTree = "<group>"; };
		2D79B0121B975673004D7363 /* ParseCrashReporting.framework */ = {isa = PBXFileReference; lastKnownFileType = wrapper.framework; path = ParseCrashReporting.framework; sourceTree = "<group>"; };
		2D79B0141B975702004D7363 /* ParseFacebookUtilsV4.framework */ = {isa = PBXFileReference; lastKnownFileType = wrapper.framework; path = ParseFacebookUtilsV4.framework; sourceTree = "<group>"; };
		2D79B0161B975971004D7363 /* ParseUI.framework */ = {isa = PBXFileReference; lastKnownFileType = wrapper.framework; path = ParseUI.framework; sourceTree = "<group>"; };
		2D79B0181B97597E004D7363 /* Bolts.framework */ = {isa = PBXFileReference; lastKnownFileType = wrapper.framework; path = Bolts.framework; sourceTree = "<group>"; };
		2D79B01A1B975991004D7363 /* Parse.framework */ = {isa = PBXFileReference; lastKnownFileType = wrapper.framework; path = Parse.framework; sourceTree = "<group>"; };
		2D7E4DFB1B8A4DAB00772922 /* AddressBookUI.framework */ = {isa = PBXFileReference; lastKnownFileType = wrapper.framework; name = AddressBookUI.framework; path = System/Library/Frameworks/AddressBookUI.framework; sourceTree = SDKROOT; };
		2D7E4E011B8A6C6600772922 /* CreateEventViewController.swift */ = {isa = PBXFileReference; fileEncoding = 4; lastKnownFileType = sourcecode.swift; path = CreateEventViewController.swift; sourceTree = "<group>"; };
		2D7E4E051B8A8CED00772922 /* placeholder.JPG */ = {isa = PBXFileReference; lastKnownFileType = image.jpeg; name = placeholder.JPG; path = ../../../Downloads/placeholder.JPG; sourceTree = "<group>"; };
		2D7E4E071B8AAC5500772922 /* UIImageEffects.swift */ = {isa = PBXFileReference; fileEncoding = 4; lastKnownFileType = sourcecode.swift; name = UIImageEffects.swift; path = ../../RealTimeGallery/UIImageEffects.swift; sourceTree = "<group>"; };
		2D8A18531B86853500CB1D4C /* FBSDKCoreKit.framework */ = {isa = PBXFileReference; lastKnownFileType = wrapper.framework; name = FBSDKCoreKit.framework; path = "../../Downloads/FacebookSDKs-iOS-20150813/FBSDKCoreKit.framework"; sourceTree = "<group>"; };
		2D8A18541B86853500CB1D4C /* FBSDKLoginKit.framework */ = {isa = PBXFileReference; lastKnownFileType = wrapper.framework; name = FBSDKLoginKit.framework; path = "../../Downloads/FacebookSDKs-iOS-20150813/FBSDKLoginKit.framework"; sourceTree = "<group>"; };
		2D8A18551B86853500CB1D4C /* FBSDKShareKit.framework */ = {isa = PBXFileReference; lastKnownFileType = wrapper.framework; name = FBSDKShareKit.framework; path = "../../Downloads/FacebookSDKs-iOS-20150813/FBSDKShareKit.framework"; sourceTree = "<group>"; };
		2D8A185D1B868D5A00CB1D4C /* FacebookSDK.framework */ = {isa = PBXFileReference; lastKnownFileType = wrapper.framework; name = FacebookSDK.framework; path = ../../Documents/FacebookSDK/FacebookSDK.framework; sourceTree = "<group>"; };
		2DDFCC7A1B87D66900EDD459 /* EventsTableViewCell.swift */ = {isa = PBXFileReference; fileEncoding = 4; lastKnownFileType = sourcecode.swift; path = EventsTableViewCell.swift; sourceTree = "<group>"; };
/* End PBXFileReference section */

/* Begin PBXFrameworksBuildPhase section */
		2D0554201B84EAA500C4EF45 /* Frameworks */ = {
			isa = PBXFrameworksBuildPhase;
			buildActionMask = 2147483647;
			files = (
				2D7E4DFC1B8A4DAB00772922 /* AddressBookUI.framework in Frameworks */,
				2D79B0151B975702004D7363 /* ParseFacebookUtilsV4.framework in Frameworks */,
				2D05545A1B84EAEA00C4EF45 /* AudioToolbox.framework in Frameworks */,
				2D05545B1B84EAEA00C4EF45 /* CFNetwork.framework in Frameworks */,
				2D05545C1B84EAEA00C4EF45 /* CoreGraphics.framework in Frameworks */,
				2D05545D1B84EAEA00C4EF45 /* CoreLocation.framework in Frameworks */,
				2D79B0191B97597E004D7363 /* Bolts.framework in Frameworks */,
				2D05545E1B84EAEA00C4EF45 /* libsqlite3.dylib in Frameworks */,
				2D05545F1B84EAEA00C4EF45 /* libz.dylib in Frameworks */,
				2D79B0171B975971004D7363 /* ParseUI.framework in Frameworks */,
				2D79B01B1B975991004D7363 /* Parse.framework in Frameworks */,
				2D8A185E1B868D5A00CB1D4C /* FacebookSDK.framework in Frameworks */,
				2D8A18561B86853500CB1D4C /* FBSDKCoreKit.framework in Frameworks */,
				2D8A18571B86853500CB1D4C /* FBSDKLoginKit.framework in Frameworks */,
				2D8A18581B86853500CB1D4C /* FBSDKShareKit.framework in Frameworks */,
				2D0554601B84EAEA00C4EF45 /* MobileCoreServices.framework in Frameworks */,
				2D0554611B84EAEA00C4EF45 /* QuartzCore.framework in Frameworks */,
				2D0554621B84EAEA00C4EF45 /* Security.framework in Frameworks */,
				2D0554631B84EAEA00C4EF45 /* StoreKit.framework in Frameworks */,
				2D79B0131B975673004D7363 /* ParseCrashReporting.framework in Frameworks */,
				2D0554641B84EAEA00C4EF45 /* SystemConfiguration.framework in Frameworks */,
			);
			runOnlyForDeploymentPostprocessing = 0;
		};
		2D0554351B84EAA500C4EF45 /* Frameworks */ = {
			isa = PBXFrameworksBuildPhase;
			buildActionMask = 2147483647;
			files = (
			);
			runOnlyForDeploymentPostprocessing = 0;
		};
/* End PBXFrameworksBuildPhase section */

/* Begin PBXGroup section */
		2D05541A1B84EAA500C4EF45 = {
			isa = PBXGroup;
			children = (
				2D05544D1B84EAEA00C4EF45 /* libsqlite3.dylib */,
				2D05544E1B84EAEA00C4EF45 /* libz.dylib */,
				2D0554761B86763200C4EF45 /* Frameworks */,
				2D0554251B84EAA500C4EF45 /* RealTime */,
				2D05543B1B84EAA500C4EF45 /* RealTimeTests */,
				2D0554241B84EAA500C4EF45 /* Products */,
			);
			sourceTree = "<group>";
		};
		2D0554241B84EAA500C4EF45 /* Products */ = {
			isa = PBXGroup;
			children = (
				2D0554231B84EAA500C4EF45 /* RealTime.app */,
				2D0554381B84EAA500C4EF45 /* RealTimeTests.xctest */,
			);
			name = Products;
			sourceTree = "<group>";
		};
		2D0554251B84EAA500C4EF45 /* RealTime */ = {
			isa = PBXGroup;
			children = (
				2D7E4E071B8AAC5500772922 /* UIImageEffects.swift */,
				2D0554281B84EAA500C4EF45 /* AppDelegate.swift */,
				2D05542A1B84EAA500C4EF45 /* ViewController.swift */,
				2D531F3A1B8CBE8500CED08F /* Images/fonts */,
				2D05542C1B84EAA500C4EF45 /* Main.storyboard */,
				2D531F381B8CBE8100CED08F /* FiltersViewController.swift */,
				2D6172CA1B8BA5F7004574DB /* LogoutViewController.swift */,
				2D6ED2E01B8B7FD0006351F1 /* ProfileViewController.swift */,
				2D05546D1B84ECAD00C4EF45 /* EventsTableViewController.swift */,
				2D53723D1B8A3F0C00621F7A /* DetailViewController.swift */,
				2D7E4E011B8A6C6600772922 /* CreateEventViewController.swift */,
				2D531F3B1B8CBEB700CED08F /* Models */,
				2D0554731B8671FE00C4EF45 /* Login/Registration */,
				2D05542F1B84EAA500C4EF45 /* Images.xcassets */,
				2D79B0101B965BEE004D7363 /* AppIcon.png */,
				2D0554311B84EAA500C4EF45 /* LaunchScreen.xib */,
				2D05546A1B84EB1300C4EF45 /* RealTime-Bridging-Header.h */,
				2D0554261B84EAA500C4EF45 /* Supporting Files */,
			);
			path = RealTime;
			sourceTree = "<group>";
		};
		2D0554261B84EAA500C4EF45 /* Supporting Files */ = {
			isa = PBXGroup;
			children = (
				2D0554271B84EAA500C4EF45 /* Info.plist */,
			);
			name = "Supporting Files";
			sourceTree = "<group>";
		};
		2D05543B1B84EAA500C4EF45 /* RealTimeTests */ = {
			isa = PBXGroup;
			children = (
				2D05543E1B84EAA500C4EF45 /* RealTimeTests.swift */,
				2D05543C1B84EAA500C4EF45 /* Supporting Files */,
			);
			path = RealTimeTests;
			sourceTree = "<group>";
		};
		2D05543C1B84EAA500C4EF45 /* Supporting Files */ = {
			isa = PBXGroup;
			children = (
				2D05543D1B84EAA500C4EF45 /* Info.plist */,
			);
			name = "Supporting Files";
			sourceTree = "<group>";
		};
		2D0554731B8671FE00C4EF45 /* Login/Registration */ = {
			isa = PBXGroup;
			children = (
				2D0554711B8671BB00C4EF45 /* LoginViewController.swift */,
				2D0554741B86722600C4EF45 /* SignupViewController.swift */,
			);
			name = Login/Registration;
			sourceTree = "<group>";
		};
		2D0554761B86763200C4EF45 /* Frameworks */ = {
			isa = PBXGroup;
			children = (
				2D79B01A1B975991004D7363 /* Parse.framework */,
				2D79B0181B97597E004D7363 /* Bolts.framework */,
				2D79B0161B975971004D7363 /* ParseUI.framework */,
				2D79B0141B975702004D7363 /* ParseFacebookUtilsV4.framework */,
				2D79B0121B975673004D7363 /* ParseCrashReporting.framework */,
				2D7E4DFB1B8A4DAB00772922 /* AddressBookUI.framework */,
				2D8A185D1B868D5A00CB1D4C /* FacebookSDK.framework */,
				2D8A18531B86853500CB1D4C /* FBSDKCoreKit.framework */,
				2D8A18541B86853500CB1D4C /* FBSDKLoginKit.framework */,
				2D8A18551B86853500CB1D4C /* FBSDKShareKit.framework */,
				2D0554491B84EAEA00C4EF45 /* AudioToolbox.framework */,
				2D05544A1B84EAEA00C4EF45 /* CFNetwork.framework */,
				2D05544B1B84EAEA00C4EF45 /* CoreGraphics.framework */,
				2D05544C1B84EAEA00C4EF45 /* CoreLocation.framework */,
				2D05544F1B84EAEA00C4EF45 /* MobileCoreServices.framework */,
				2D0554501B84EAEA00C4EF45 /* QuartzCore.framework */,
				2D0554511B84EAEA00C4EF45 /* Security.framework */,
				2D0554521B84EAEA00C4EF45 /* StoreKit.framework */,
				2D0554531B84EAEA00C4EF45 /* SystemConfiguration.framework */,
			);
			name = Frameworks;
			sourceTree = "<group>";
		};
		2D531F3A1B8CBE8500CED08F /* Images/fonts */ = {
			isa = PBXGroup;
			children = (
				2D6ED2E21B8B870C006351F1 /* facebook.jpg */,
				2D53723A1B8A2E4900621F7A /* Futura.ttc */,
				2D53723B1B8A2E4900621F7A /* RobotoCondensed-Bold.ttf */,
				2D6ED2DE1B8B5BCB006351F1 /* OratorStd.otf */,
				2D53723C1B8A2E4900621F7A /* RobotoCondensed-Regular.ttf */,
				2D6172D01B8BF2D8004574DB /* camera.png */,
				2D6172CD1B8BF16B004574DB /* shoes white.png */,
				2D6172C41B8B9F3E004574DB /* more.png */,
				2D6172BE1B8B9AED004574DB /* add.png */,
				2D7E4E051B8A8CED00772922 /* placeholder.JPG */,
				2D6172C21B8B9EB3004574DB /* addsmall.png */,
				2D6172C61B8B9FA5004574DB /* home.png */,
				2D6172C71B8B9FA5004574DB /* profile.png */,
				2D6172BC1B8B9817004574DB /* homepage.png */,
				2D6ED2E81B8B8B63006351F1 /* fbrt.png */,
			);
			name = Images/fonts;
			sourceTree = "<group>";
		};
		2D531F3B1B8CBEB700CED08F /* Models */ = {
			isa = PBXGroup;
			children = (
				2DDFCC7A1B87D66900EDD459 /* EventsTableViewCell.swift */,
				2D05546F1B84F22F00C4EF45 /* Event.swift */,
			);
			name = Models;
			sourceTree = "<group>";
		};
/* End PBXGroup section */

/* Begin PBXNativeTarget section */
		2D0554221B84EAA500C4EF45 /* RealTime */ = {
			isa = PBXNativeTarget;
			buildConfigurationList = 2D0554421B84EAA500C4EF45 /* Build configuration list for PBXNativeTarget "RealTime" */;
			buildPhases = (
				2D05541F1B84EAA500C4EF45 /* Sources */,
				2D0554201B84EAA500C4EF45 /* Frameworks */,
				2D0554211B84EAA500C4EF45 /* Resources */,
			);
			buildRules = (
			);
			dependencies = (
			);
			name = RealTime;
			productName = RealTime;
			productReference = 2D0554231B84EAA500C4EF45 /* RealTime.app */;
			productType = "com.apple.product-type.application";
		};
		2D0554371B84EAA500C4EF45 /* RealTimeTests */ = {
			isa = PBXNativeTarget;
			buildConfigurationList = 2D0554451B84EAA500C4EF45 /* Build configuration list for PBXNativeTarget "RealTimeTests" */;
			buildPhases = (
				2D0554341B84EAA500C4EF45 /* Sources */,
				2D0554351B84EAA500C4EF45 /* Frameworks */,
				2D0554361B84EAA500C4EF45 /* Resources */,
			);
			buildRules = (
			);
			dependencies = (
				2D05543A1B84EAA500C4EF45 /* PBXTargetDependency */,
			);
			name = RealTimeTests;
			productName = RealTimeTests;
			productReference = 2D0554381B84EAA500C4EF45 /* RealTimeTests.xctest */;
			productType = "com.apple.product-type.bundle.unit-test";
		};
/* End PBXNativeTarget section */

/* Begin PBXProject section */
		2D05541B1B84EAA500C4EF45 /* Project object */ = {
			isa = PBXProject;
			attributes = {
				LastUpgradeCheck = 0640;
				ORGANIZATIONNAME = vickiliu;
				TargetAttributes = {
					2D0554221B84EAA500C4EF45 = {
						CreatedOnToolsVersion = 6.4;
						DevelopmentTeam = T7Q9R6HSCE;
					};
					2D0554371B84EAA500C4EF45 = {
						CreatedOnToolsVersion = 6.4;
						TestTargetID = 2D0554221B84EAA500C4EF45;
					};
				};
			};
			buildConfigurationList = 2D05541E1B84EAA500C4EF45 /* Build configuration list for PBXProject "RealTime" */;
			compatibilityVersion = "Xcode 3.2";
			developmentRegion = English;
			hasScannedForEncodings = 0;
			knownRegions = (
				en,
				Base,
			);
			mainGroup = 2D05541A1B84EAA500C4EF45;
			productRefGroup = 2D0554241B84EAA500C4EF45 /* Products */;
			projectDirPath = "";
			projectRoot = "";
			targets = (
				2D0554221B84EAA500C4EF45 /* RealTime */,
				2D0554371B84EAA500C4EF45 /* RealTimeTests */,
			);
		};
/* End PBXProject section */

/* Begin PBXResourcesBuildPhase section */
		2D0554211B84EAA500C4EF45 /* Resources */ = {
			isa = PBXResourcesBuildPhase;
			buildActionMask = 2147483647;
			files = (
				2D6172CF1B8BF16B004574DB /* shoes white.png in Resources */,
				2D6172C91B8B9FA5004574DB /* profile.png in Resources */,
				2D6172BF1B8B9AED004574DB /* add.png in Resources */,
				2D6172C31B8B9EB3004574DB /* addsmall.png in Resources */,
				2D6172D11B8BF2D8004574DB /* camera.png in Resources */,
				2D6ED2E31B8B870C006351F1 /* facebook.jpg in Resources */,
				2D6ED2DF1B8B5BCB006351F1 /* OratorStd.otf in Resources */,
				2D7E4E061B8A8CED00772922 /* placeholder.JPG in Resources */,
				2D79B0111B965BEE004D7363 /* AppIcon.png in Resources */,
				2D05542E1B84EAA500C4EF45 /* Main.storyboard in Resources */,
				2D6172C51B8B9F3E004574DB /* more.png in Resources */,
				2D0554331B84EAA500C4EF45 /* LaunchScreen.xib in Resources */,
				2D6172C81B8B9FA5004574DB /* home.png in Resources */,
				2D6172BD1B8B9817004574DB /* homepage.png in Resources */,
				2D6ED2E91B8B8B63006351F1 /* fbrt.png in Resources */,
				2D0554301B84EAA500C4EF45 /* Images.xcassets in Resources */,
			);
			runOnlyForDeploymentPostprocessing = 0;
		};
		2D0554361B84EAA500C4EF45 /* Resources */ = {
			isa = PBXResourcesBuildPhase;
			buildActionMask = 2147483647;
			files = (
			);
			runOnlyForDeploymentPostprocessing = 0;
		};
/* End PBXResourcesBuildPhase section */

/* Begin PBXSourcesBuildPhase section */
		2D05541F1B84EAA500C4EF45 /* Sources */ = {
			isa = PBXSourcesBuildPhase;
			buildActionMask = 2147483647;
			files = (
				2D7E4E081B8AAC5500772922 /* UIImageEffects.swift in Sources */,
				2D0554751B86722600C4EF45 /* SignupViewController.swift in Sources */,
				2DDFCC7B1B87D66900EDD459 /* EventsTableViewCell.swift in Sources */,
				2D0554701B84F22F00C4EF45 /* Event.swift in Sources */,
				2D05542B1B84EAA500C4EF45 /* ViewController.swift in Sources */,
				2D531F391B8CBE8100CED08F /* FiltersViewController.swift in Sources */,
				2D0554291B84EAA500C4EF45 /* AppDelegate.swift in Sources */,
				2D6ED2E11B8B7FD0006351F1 /* ProfileViewController.swift in Sources */,
				2D0554721B8671BB00C4EF45 /* LoginViewController.swift in Sources */,
				2D05546E1B84ECAD00C4EF45 /* EventsTableViewController.swift in Sources */,
				2D53723E1B8A3F0C00621F7A /* DetailViewController.swift in Sources */,
				2D6172CB1B8BA5F7004574DB /* LogoutViewController.swift in Sources */,
				2D7E4E021B8A6C6600772922 /* CreateEventViewController.swift in Sources */,
			);
			runOnlyForDeploymentPostprocessing = 0;
		};
		2D0554341B84EAA500C4EF45 /* Sources */ = {
			isa = PBXSourcesBuildPhase;
			buildActionMask = 2147483647;
			files = (
				2D05543F1B84EAA500C4EF45 /* RealTimeTests.swift in Sources */,
			);
			runOnlyForDeploymentPostprocessing = 0;
		};
/* End PBXSourcesBuildPhase section */

/* Begin PBXTargetDependency section */
		2D05543A1B84EAA500C4EF45 /* PBXTargetDependency */ = {
			isa = PBXTargetDependency;
			target = 2D0554221B84EAA500C4EF45 /* RealTime */;
			targetProxy = 2D0554391B84EAA500C4EF45 /* PBXContainerItemProxy */;
		};
/* End PBXTargetDependency section */

/* Begin PBXVariantGroup section */
		2D05542C1B84EAA500C4EF45 /* Main.storyboard */ = {
			isa = PBXVariantGroup;
			children = (
				2D05542D1B84EAA500C4EF45 /* Base */,
			);
			name = Main.storyboard;
			sourceTree = "<group>";
		};
		2D0554311B84EAA500C4EF45 /* LaunchScreen.xib */ = {
			isa = PBXVariantGroup;
			children = (
				2D0554321B84EAA500C4EF45 /* Base */,
			);
			name = LaunchScreen.xib;
			sourceTree = "<group>";
		};
/* End PBXVariantGroup section */

/* Begin XCBuildConfiguration section */
		2D0554401B84EAA500C4EF45 /* Debug */ = {
			isa = XCBuildConfiguration;
			buildSettings = {
				ALWAYS_SEARCH_USER_PATHS = NO;
				CLANG_CXX_LANGUAGE_STANDARD = "gnu++0x";
				CLANG_CXX_LIBRARY = "libc++";
				CLANG_ENABLE_MODULES = YES;
				CLANG_ENABLE_OBJC_ARC = YES;
				CLANG_WARN_BOOL_CONVERSION = YES;
				CLANG_WARN_CONSTANT_CONVERSION = YES;
				CLANG_WARN_DIRECT_OBJC_ISA_USAGE = YES_ERROR;
				CLANG_WARN_EMPTY_BODY = YES;
				CLANG_WARN_ENUM_CONVERSION = YES;
				CLANG_WARN_INT_CONVERSION = YES;
				CLANG_WARN_OBJC_ROOT_CLASS = YES_ERROR;
				CLANG_WARN_UNREACHABLE_CODE = YES;
				CLANG_WARN__DUPLICATE_METHOD_MATCH = YES;
				"CODE_SIGN_IDENTITY[sdk=iphoneos*]" = "iPhone Developer";
				COPY_PHASE_STRIP = NO;
				DEBUG_INFORMATION_FORMAT = "dwarf-with-dsym";
				ENABLE_STRICT_OBJC_MSGSEND = YES;
				GCC_C_LANGUAGE_STANDARD = gnu99;
				GCC_DYNAMIC_NO_PIC = NO;
				GCC_NO_COMMON_BLOCKS = YES;
				GCC_OPTIMIZATION_LEVEL = 0;
				GCC_PREPROCESSOR_DEFINITIONS = (
					"DEBUG=1",
					"$(inherited)",
				);
				GCC_SYMBOLS_PRIVATE_EXTERN = NO;
				GCC_WARN_64_TO_32_BIT_CONVERSION = YES;
				GCC_WARN_ABOUT_RETURN_TYPE = YES_ERROR;
				GCC_WARN_UNDECLARED_SELECTOR = YES;
				GCC_WARN_UNINITIALIZED_AUTOS = YES_AGGRESSIVE;
				GCC_WARN_UNUSED_FUNCTION = YES;
				GCC_WARN_UNUSED_VARIABLE = YES;
				IPHONEOS_DEPLOYMENT_TARGET = 8.4;
				MTL_ENABLE_DEBUG_INFO = YES;
				ONLY_ACTIVE_ARCH = YES;
				SDKROOT = iphoneos;
				SWIFT_OPTIMIZATION_LEVEL = "-Onone";
			};
			name = Debug;
		};
		2D0554411B84EAA500C4EF45 /* Release */ = {
			isa = XCBuildConfiguration;
			buildSettings = {
				ALWAYS_SEARCH_USER_PATHS = NO;
				CLANG_CXX_LANGUAGE_STANDARD = "gnu++0x";
				CLANG_CXX_LIBRARY = "libc++";
				CLANG_ENABLE_MODULES = YES;
				CLANG_ENABLE_OBJC_ARC = YES;
				CLANG_WARN_BOOL_CONVERSION = YES;
				CLANG_WARN_CONSTANT_CONVERSION = YES;
				CLANG_WARN_DIRECT_OBJC_ISA_USAGE = YES_ERROR;
				CLANG_WARN_EMPTY_BODY = YES;
				CLANG_WARN_ENUM_CONVERSION = YES;
				CLANG_WARN_INT_CONVERSION = YES;
				CLANG_WARN_OBJC_ROOT_CLASS = YES_ERROR;
				CLANG_WARN_UNREACHABLE_CODE = YES;
				CLANG_WARN__DUPLICATE_METHOD_MATCH = YES;
				"CODE_SIGN_IDENTITY[sdk=iphoneos*]" = "iPhone Developer";
				COPY_PHASE_STRIP = NO;
				DEBUG_INFORMATION_FORMAT = "dwarf-with-dsym";
				ENABLE_NS_ASSERTIONS = NO;
				ENABLE_STRICT_OBJC_MSGSEND = YES;
				GCC_C_LANGUAGE_STANDARD = gnu99;
				GCC_NO_COMMON_BLOCKS = YES;
				GCC_WARN_64_TO_32_BIT_CONVERSION = YES;
				GCC_WARN_ABOUT_RETURN_TYPE = YES_ERROR;
				GCC_WARN_UNDECLARED_SELECTOR = YES;
				GCC_WARN_UNINITIALIZED_AUTOS = YES_AGGRESSIVE;
				GCC_WARN_UNUSED_FUNCTION = YES;
				GCC_WARN_UNUSED_VARIABLE = YES;
				IPHONEOS_DEPLOYMENT_TARGET = 8.4;
				MTL_ENABLE_DEBUG_INFO = NO;
				SDKROOT = iphoneos;
				VALIDATE_PRODUCT = YES;
			};
			name = Release;
		};
		2D0554431B84EAA500C4EF45 /* Debug */ = {
			isa = XCBuildConfiguration;
			buildSettings = {
				ASSETCATALOG_COMPILER_APPICON_NAME = AppIcon;
				CLANG_ENABLE_MODULES = YES;
				CODE_SIGN_IDENTITY = "iPhone Developer: Shreya Arora (KAD76B8QJ3)";
				"CODE_SIGN_IDENTITY[sdk=iphoneos*]" = "iPhone Developer";
				FRAMEWORK_SEARCH_PATHS = (
					"$(inherited)",
					"/Users/vickiliu/Downloads/parse-library-1.7.5",
					"/Users/vickiliu/Downloads/parse-starter-project-1.7.5/ParseSwiftStarterProject",
					"/Users/vickiliu/Downloads/parse-starter-project-1.7.5/ParseStarterProject",
					"/Users/vickiliu/Downloads/FacebookSDKs-iOS-20150813",
					"$(PROJECT_DIR)",
					/Users/vickiliu/Documents/FacebookSDK,
				);
				INFOPLIST_FILE = RealTime/Info.plist;
				LD_RUNPATH_SEARCH_PATHS = "$(inherited) @executable_path/Frameworks";
				PRODUCT_NAME = "$(TARGET_NAME)";
				PROVISIONING_PROFILE = "44c70d71-7e26-4a62-9be5-9bc2fb58a4ca";
				SWIFT_OBJC_BRIDGING_HEADER = "RealTime/RealTime-Bridging-Header.h";
				SWIFT_OPTIMIZATION_LEVEL = "-Onone";
			};
			name = Debug;
		};
		2D0554441B84EAA500C4EF45 /* Release */ = {
			isa = XCBuildConfiguration;
			buildSettings = {
				ASSETCATALOG_COMPILER_APPICON_NAME = AppIcon;
				CLANG_ENABLE_MODULES = YES;
				CODE_SIGN_IDENTITY = "iPhone Developer: Shreya Arora (KAD76B8QJ3)";
				"CODE_SIGN_IDENTITY[sdk=iphoneos*]" = "iPhone Developer";
				FRAMEWORK_SEARCH_PATHS = (
					"$(inherited)",
					"/Users/vickiliu/Downloads/parse-library-1.7.5",
					"/Users/vickiliu/Downloads/parse-starter-project-1.7.5/ParseSwiftStarterProject",
					"/Users/vickiliu/Downloads/parse-starter-project-1.7.5/ParseStarterProject",
					"/Users/vickiliu/Downloads/FacebookSDKs-iOS-20150813",
					"$(PROJECT_DIR)",
					/Users/vickiliu/Documents/FacebookSDK,
				);
				INFOPLIST_FILE = RealTime/Info.plist;
				LD_RUNPATH_SEARCH_PATHS = "$(inherited) @executable_path/Frameworks";
				PRODUCT_NAME = "$(TARGET_NAME)";
				PROVISIONING_PROFILE = "44c70d71-7e26-4a62-9be5-9bc2fb58a4ca";
				SWIFT_OBJC_BRIDGING_HEADER = "RealTime/RealTime-Bridging-Header.h";
			};
			name = Release;
		};
		2D0554461B84EAA500C4EF45 /* Debug */ = {
			isa = XCBuildConfiguration;
			buildSettings = {
				BUNDLE_LOADER = "$(TEST_HOST)";
				FRAMEWORK_SEARCH_PATHS = (
					"$(SDKROOT)/Developer/Library/Frameworks",
					"$(inherited)",
				);
				GCC_PREPROCESSOR_DEFINITIONS = (
					"DEBUG=1",
					"$(inherited)",
				);
				INFOPLIST_FILE = RealTimeTests/Info.plist;
				LD_RUNPATH_SEARCH_PATHS = "$(inherited) @executable_path/Frameworks @loader_path/Frameworks";
				PRODUCT_NAME = "$(TARGET_NAME)";
				TEST_HOST = "$(BUILT_PRODUCTS_DIR)/RealTime.app/RealTime";
			};
			name = Debug;
		};
		2D0554471B84EAA500C4EF45 /* Release */ = {
			isa = XCBuildConfiguration;
			buildSettings = {
				BUNDLE_LOADER = "$(TEST_HOST)";
				FRAMEWORK_SEARCH_PATHS = (
					"$(SDKROOT)/Developer/Library/Frameworks",
					"$(inherited)",
				);
				INFOPLIST_FILE = RealTimeTests/Info.plist;
				LD_RUNPATH_SEARCH_PATHS = "$(inherited) @executable_path/Frameworks @loader_path/Frameworks";
				PRODUCT_NAME = "$(TARGET_NAME)";
				TEST_HOST = "$(BUILT_PRODUCTS_DIR)/RealTime.app/RealTime";
			};
			name = Release;
		};
/* End XCBuildConfiguration section */

/* Begin XCConfigurationList section */
		2D05541E1B84EAA500C4EF45 /* Build configuration list for PBXProject "RealTime" */ = {
			isa = XCConfigurationList;
			buildConfigurations = (
				2D0554401B84EAA500C4EF45 /* Debug */,
				2D0554411B84EAA500C4EF45 /* Release */,
			);
			defaultConfigurationIsVisible = 0;
			defaultConfigurationName = Release;
		};
		2D0554421B84EAA500C4EF45 /* Build configuration list for PBXNativeTarget "RealTime" */ = {
			isa = XCConfigurationList;
			buildConfigurations = (
				2D0554431B84EAA500C4EF45 /* Debug */,
				2D0554441B84EAA500C4EF45 /* Release */,
			);
			defaultConfigurationIsVisible = 0;
			defaultConfigurationName = Release;
		};
		2D0554451B84EAA500C4EF45 /* Build configuration list for PBXNativeTarget "RealTimeTests" */ = {
			isa = XCConfigurationList;
			buildConfigurations = (
				2D0554461B84EAA500C4EF45 /* Debug */,
				2D0554471B84EAA500C4EF45 /* Release */,
			);
			defaultConfigurationIsVisible = 0;
			defaultConfigurationName = Release;
		};
/* End XCConfigurationList section */
	};
	rootObject = 2D05541B1B84EAA500C4EF45 /* Project object */;
}
